hash: e4bea23ab5a427c7b97f36bd8bdcf67de11df35800db7e03b4b5b635ba28a3e6
updated: 2016-01-24T14:10:53.502244764-08:00
imports:
- name: github.com/bmatsuo/mdns
  version: d5af575d87337a9767cc2d80aa35661818ce1c0a
- name: github.com/bmatsuo/uuid
  version: cccd189d45f7ac3368a0d127efb7f4d08ae0b655
- name: github.com/codegangsta/cli
  version: f9cc3001e04f9783cb4ad08ca6791aa07134787c
- name: github.com/golang/freetype
  version: f29eb116deb328d02ee5c573f02d442ca67d5532
  subpackages:
  - /truetype
- name: github.com/miekg/dns
  version: 5c01f20c3a6b2acb2b5222c0aa9732a2f219b4b3
- name: golang.org/x/crypto
  version: 3760e016850398b85094c4c99e955b8c3dea5711
- name: golang.org/x/image
  version: 7c492694a6443a92fd349fda0c4c7b587040f161
  subpackages:
  - /font
- name: golang.org/x/mobile
  version: e7f16ac590465f5cefa43feb920df4cbfc1c0e6a
  subpackages:
  - /app
- name: golang.org/x/net
  version: 2e9cee70ee697e0a2ef894b560dda50dec7dff58
  subpackages:
  - /context
- name: golang.org/x/text
  version: cf4986612c83df6c55578ba198316d1684a9a287
devImports: []
